
Microsoft Visual Studio Solution File, Format Version 12.00
# Visual Studio Version 17
VisualStudioVersion = 17.14.36401.2 d17.14
MinimumVisualStudioVersion = 10.0.40219.1
Project("{FAE04EC0-301F-11D3-BF4B-00C04F79EFBC}") = "GD14_1133_Lab1_Yaushen_Lin", "GD14_1133_Lab1_Yaushen_Lin.csproj", "{9637C797-6152-4E80-9E5E-82DA6F0E61D0}"
EndProject
Global
	GlobalSection(SolutionConfigurationPlatforms) = preSolution
		Debug|Any CPU = Debug|Any CPU
		Release|Any CPU = Release|Any CPU
	EndGlobalSection
	GlobalSection(ProjectConfigurationPlatforms) = postSolution
		{9637C797-6152-4E80-9E5E-82DA6F0E61D0}.Debug|Any CPU.ActiveCfg = Debug|Any CPU
		{9637C797-6152-4E80-9E5E-82DA6F0E61D0}.Debug|Any CPU.Build.0 = Debug|Any CPU
		{9637C797-6152-4E80-9E5E-82DA6F0E61D0}.Release|Any CPU.ActiveCfg = Release|Any CPU
		{9637C797-6152-4E80-9E5E-82DA6F0E61D0}.Release|Any CPU.Build.0 = Release|Any CPU
	EndGlobalSection
	GlobalSection(SolutionProperties) = preSolution
		HideSolutionNode = FALSE
	EndGlobalSection
	GlobalSection(ExtensibilityGlobals) = postSolution
		SolutionGuid = {2831D574-3C34-41EF-B68D-5CFA5A4859F0}
	EndGlobalSection
EndGlobal
